
Microsoft Visual Studio Solution File, Format Version 12.00
# Visual Studio Version 17
VisualStudioVersion = 17.10.35027.167
MinimumVisualStudioVersion = 10.0.40219.1
Project("{FAE04EC0-301F-11D3-BF4B-00C04F79EFBC}") = "MetodosStatic", "MetodosStatic\MetodosStatic.csproj", "{C978E0F9-4207-432F-BB86-4AC960260A0C}"
EndProject
Global
	GlobalSection(SolutionConfigurationPlatforms) = preSolution
		Debug|Any CPU = Debug|Any CPU
		Release|Any CPU = Release|Any CPU
	EndGlobalSection
	GlobalSection(ProjectConfigurationPlatforms) = postSolution
		{C978E0F9-4207-432F-BB86-4AC960260A0C}.Debug|Any CPU.ActiveCfg = Debug|Any CPU
		{C978E0F9-4207-432F-BB86-4AC960260A0C}.Debug|Any CPU.Build.0 = Debug|Any CPU
		{C978E0F9-4207-432F-BB86-4AC960260A0C}.Release|Any CPU.ActiveCfg = Release|Any CPU
		{C978E0F9-4207-432F-BB86-4AC960260A0C}.Release|Any CPU.Build.0 = Release|Any CPU
	EndGlobalSection
	GlobalSection(SolutionProperties) = preSolution
		HideSolutionNode = FALSE
	EndGlobalSection
	GlobalSection(ExtensibilityGlobals) = postSolution
		SolutionGuid = {C83DE57E-B669-4C34-8746-25453D970D41}
	EndGlobalSection
EndGlobal
