
Microsoft Visual Studio Solution File, Format Version 12.00
# Visual Studio Version 17
VisualStudioVersion = 17.10.35027.167
MinimumVisualStudioVersion = 10.0.40219.1
Project("{FAE04EC0-301F-11D3-BF4B-00C04F79EFBC}") = "Exercicio02", "Exercicio02\Exercicio02.csproj", "{B04B236D-6383-486E-AE74-46F0F90ACB25}"
EndProject
Global
	GlobalSection(SolutionConfigurationPlatforms) = preSolution
		Debug|Any CPU = Debug|Any CPU
		Release|Any CPU = Release|Any CPU
	EndGlobalSection
	GlobalSection(ProjectConfigurationPlatforms) = postSolution
		{B04B236D-6383-486E-AE74-46F0F90ACB25}.Debug|Any CPU.ActiveCfg = Debug|Any CPU
		{B04B236D-6383-486E-AE74-46F0F90ACB25}.Debug|Any CPU.Build.0 = Debug|Any CPU
		{B04B236D-6383-486E-AE74-46F0F90ACB25}.Release|Any CPU.ActiveCfg = Release|Any CPU
		{B04B236D-6383-486E-AE74-46F0F90ACB25}.Release|Any CPU.Build.0 = Release|Any CPU
	EndGlobalSection
	GlobalSection(SolutionProperties) = preSolution
		HideSolutionNode = FALSE
	EndGlobalSection
	GlobalSection(ExtensibilityGlobals) = postSolution
		SolutionGuid = {F0C4C503-326F-4747-87CE-6FFB355819DD}
	EndGlobalSection
EndGlobal
