
Microsoft Visual Studio Solution File, Format Version 12.00
# Visual Studio Version 17
VisualStudioVersion = 17.10.35027.167
MinimumVisualStudioVersion = 10.0.40219.1
Project("{FAE04EC0-301F-11D3-BF4B-00C04F79EFBC}") = "Pensionato", "Pensionato\Pensionato.csproj", "{FC440699-EC59-464A-9BBD-715C21C162F1}"
EndProject
Global
	GlobalSection(SolutionConfigurationPlatforms) = preSolution
		Debug|Any CPU = Debug|Any CPU
		Release|Any CPU = Release|Any CPU
	EndGlobalSection
	GlobalSection(ProjectConfigurationPlatforms) = postSolution
		{FC440699-EC59-464A-9BBD-715C21C162F1}.Debug|Any CPU.ActiveCfg = Debug|Any CPU
		{FC440699-EC59-464A-9BBD-715C21C162F1}.Debug|Any CPU.Build.0 = Debug|Any CPU
		{FC440699-EC59-464A-9BBD-715C21C162F1}.Release|Any CPU.ActiveCfg = Release|Any CPU
		{FC440699-EC59-464A-9BBD-715C21C162F1}.Release|Any CPU.Build.0 = Release|Any CPU
	EndGlobalSection
	GlobalSection(SolutionProperties) = preSolution
		HideSolutionNode = FALSE
	EndGlobalSection
	GlobalSection(ExtensibilityGlobals) = postSolution
		SolutionGuid = {C3872F29-6381-4855-AA64-FD4151EB399E}
	EndGlobalSection
EndGlobal
